
Microsoft Visual Studio Solution File, Format Version 12.00
# Visual Studio Version 17
VisualStudioVersion = 17.14.36109.1 d17.14
MinimumVisualStudioVersion = 10.0.40219.1
Project("{FAE04EC0-301F-11D3-BF4B-00C04F79EFBC}") = "SimpleGuessGame", "SimpleGuessGame\SimpleGuessGame.csproj", "{B9827C0D-47D5-46A5-AF23-DFC831D20BA3}"
EndProject
Global
	GlobalSection(SolutionConfigurationPlatforms) = preSolution
		Debug|Any CPU = Debug|Any CPU
		Release|Any CPU = Release|Any CPU
	EndGlobalSection
	GlobalSection(ProjectConfigurationPlatforms) = postSolution
		{B9827C0D-47D5-46A5-AF23-DFC831D20BA3}.Debug|Any CPU.ActiveCfg = Debug|Any CPU
		{B9827C0D-47D5-46A5-AF23-DFC831D20BA3}.Debug|Any CPU.Build.0 = Debug|Any CPU
		{B9827C0D-47D5-46A5-AF23-DFC831D20BA3}.Release|Any CPU.ActiveCfg = Release|Any CPU
		{B9827C0D-47D5-46A5-AF23-DFC831D20BA3}.Release|Any CPU.Build.0 = Release|Any CPU
	EndGlobalSection
	GlobalSection(SolutionProperties) = preSolution
		HideSolutionNode = FALSE
	EndGlobalSection
	GlobalSection(ExtensibilityGlobals) = postSolution
		SolutionGuid = {B69CDF82-E658-4E15-BF4E-A1045998B066}
	EndGlobalSection
EndGlobal
